
Microsoft Visual Studio Solution File, Format Version 12.00
# Visual Studio 15
VisualStudioVersion = 15.0.26730.16
MinimumVisualStudioVersion = 10.0.40219.1
Project("{9A19103F-16F7-4668-BE54-9A1E7A4F7556}") = "Dapper.NodaTime", "src\Dapper.NodaTime\Dapper.NodaTime.csproj", "{04692D8D-F6E8-4159-ACAC-325EE2E123F1}"
EndProject
Project("{9A19103F-16F7-4668-BE54-9A1E7A4F7556}") = "Dapper.NodaTime.Tests", "test\Dapper.NodaTime.Tests\Dapper.NodaTime.Tests.csproj", "{C236FC1B-350B-44FE-B69A-E8BF1E6C5A7D}"
EndProject
Global
	GlobalSection(SolutionConfigurationPlatforms) = preSolution
		Debug|Any CPU = Debug|Any CPU
		Release|Any CPU = Release|Any CPU
	EndGlobalSection
	GlobalSection(ProjectConfigurationPlatforms) = postSolution
		{04692D8D-F6E8-4159-ACAC-325EE2E123F1}.Debug|Any CPU.ActiveCfg = Debug|Any CPU
		{04692D8D-F6E8-4159-ACAC-325EE2E123F1}.Debug|Any CPU.Build.0 = Debug|Any CPU
		{04692D8D-F6E8-4159-ACAC-325EE2E123F1}.Release|Any CPU.ActiveCfg = Release|Any CPU
		{04692D8D-F6E8-4159-ACAC-325EE2E123F1}.Release|Any CPU.Build.0 = Release|Any CPU
		{C236FC1B-350B-44FE-B69A-E8BF1E6C5A7D}.Debug|Any CPU.ActiveCfg = Debug|Any CPU
		{C236FC1B-350B-44FE-B69A-E8BF1E6C5A7D}.Debug|Any CPU.Build.0 = Debug|Any CPU
		{C236FC1B-350B-44FE-B69A-E8BF1E6C5A7D}.Release|Any CPU.ActiveCfg = Release|Any CPU
		{C236FC1B-350B-44FE-B69A-E8BF1E6C5A7D}.Release|Any CPU.Build.0 = Release|Any CPU
	EndGlobalSection
	GlobalSection(SolutionProperties) = preSolution
		HideSolutionNode = FALSE
	EndGlobalSection
	GlobalSection(ExtensibilityGlobals) = postSolution
		SolutionGuid = {81523393-E76B-4073-9B63-563974DEA56F}
	EndGlobalSection
EndGlobal
